<?xml version="1.0" encoding="UTF-8" standalone="yes" ?>
<CodeBlocks_project_file>
	<FileVersion major="1" minor="6" />
	<Project>
		<Option title="auden" />
		<Option pch_mode="0" />
		<Option compiler="gcc" />
		<Build>
			<Target title="release O3">
				<Option output="..\lib\libauden.a" prefix_auto="0" extension_auto="0" />
				<Option working_dir="" />
				<Option type="2" />
				<Option compiler="gcc" />
				<Option projectResourceIncludeDirsRelation="2" />
				<Compiler>
					<Add option="-fomit-frame-pointer" />
					<Add option="-fexpensive-optimizations" />
					<Add option="-O3" />
					<Add option="-std=c++0x" />
				</Compiler>
				<Linker>
					<Add option="-s" />
				</Linker>
			</Target>
			<Target title="debug">
				<Option output="..\lib_debug\libauden.a" prefix_auto="0" extension_auto="0" />
				<Option working_dir="" />
				<Option type="2" />
				<Option compiler="gcc" />
				<Option projectResourceIncludeDirsRelation="2" />
				<Compiler>
					<Add option="-std=c++0x" />
					<Add option="-Wall" />
					<Add option="-g" />
					<Add option="-D_DEBUG" />
				</Compiler>
			</Target>
			<Target title="release">
				<Option output="..\lib\libauden.a" prefix_auto="0" extension_auto="0" />
				<Option working_dir="" />
				<Option type="2" />
				<Option compiler="gcc" />
				<Option projectResourceIncludeDirsRelation="2" />
				<Compiler>
					<Add option="-std=c++0x" />
				</Compiler>
				<Linker>
					<Add option="-s" />
				</Linker>
			</Target>
			<Target title="release O2">
				<Option output="..\lib\libauden.a" prefix_auto="0" extension_auto="0" />
				<Option working_dir="" />
				<Option type="2" />
				<Option compiler="gcc" />
				<Option projectResourceIncludeDirsRelation="2" />
				<Compiler>
					<Add option="-O2" />
					<Add option="-std=c++0x" />
				</Compiler>
				<Linker>
					<Add option="-s" />
				</Linker>
			</Target>
			<Target title="debug Wall">
				<Option output="..\lib\libauden.a" prefix_auto="0" extension_auto="0" />
				<Option working_dir="" />
				<Option type="2" />
				<Option compiler="gcc" />
				<Option projectResourceIncludeDirsRelation="2" />
				<Compiler>
					<Add option="-Wshadow" />
					<Add option="-Winit-self" />
					<Add option="-Wredundant-decls" />
					<Add option="-Wcast-align" />
					<Add option="-Wundef" />
					<Add option="-Wfloat-equal" />
					<Add option="-Winline" />
					<Add option="-Wunreachable-code" />
					<Add option="-Wmissing-declarations" />
					<Add option="-Wmissing-include-dirs" />
					<Add option="-Wswitch-enum" />
					<Add option="-Wswitch-default" />
					<Add option="-Weffc++" />
					<Add option="-Wmain" />
					<Add option="-pedantic" />
					<Add option="-std=c++0x" />
					<Add option="-Wextra" />
					<Add option="-Wall" />
					<Add option="-g" />
					<Add option="-D_DEBUG" />
				</Compiler>
			</Target>
		</Build>
		<VirtualTargets>
			<Add alias="debug+release" targets="debug;release" />
		</VirtualTargets>
		<Compiler>
			<Add option="-std=c++0x" />
		</Compiler>
		<Unit filename="auden.hpp" />
		<Unit filename="audio_connector.hpp" />
		<Unit filename="mixer.cpp" />
		<Unit filename="mixer.hpp" />
		<Unit filename="mixer_factory.cpp" />
		<Unit filename="mixer_factory.hpp" />
		<Unit filename="music.cpp" />
		<Unit filename="music.hpp" />
		<Unit filename="sound.cpp" />
		<Unit filename="sound.hpp" />
		<Extensions>
			<debugger />
			<code_completion />
		</Extensions>
	</Project>
</CodeBlocks_project_file>
